
Microsoft Visual Studio Solution File, Format Version 12.00
# Visual Studio 14
VisualStudioVersion = 14.0.25420.1
MinimumVisualStudioVersion = 10.0.40219.1
Project("{2150E333-8FDC-42A3-9474-1A3956D46DE8}") = "20.PackageRunner", "20.PackageRunner", "{2EAC1AD8-CD03-4BA2-B473-D5AF8C8EAABA}"
EndProject
Project("{2150E333-8FDC-42A3-9474-1A3956D46DE8}") = "10.Data", "10.Data", "{C53F5493-EDA1-4F6A-A9D6-345FCDC1CF03}"
EndProject
Project("{FAE04EC0-301F-11D3-BF4B-00C04F79EFBC}") = "FFCG.SSIS.PackageRunner.Contract", "FFCG.SSIS.PackageRunner.Contract\FFCG.SSIS.PackageRunner.Contract.csproj", "{6F2ABC63-FDAE-4848-9BDE-15B25264D1ED}"
EndProject
Project("{2150E333-8FDC-42A3-9474-1A3956D46DE8}") = "20.Logic", "20.Logic", "{BE165168-BB4C-4B7E-9E06-6D407756B726}"
EndProject
Project("{2150E333-8FDC-42A3-9474-1A3956D46DE8}") = "30.Presentation", "30.Presentation", "{9594EA0F-7802-4832-9378-FA514A4C1087}"
EndProject
Project("{2150E333-8FDC-42A3-9474-1A3956D46DE8}") = "90.Tests", "90.Tests", "{25E3E81E-EC49-422B-B00A-C3FF033046E3}"
EndProject
Project("{FAE04EC0-301F-11D3-BF4B-00C04F79EFBC}") = "FFCG.SSIS.PackageRunner.Data", "FFCG.SSIS.PackageRunner.Data\FFCG.SSIS.PackageRunner.Data.csproj", "{2A2359A1-8379-4D29-8355-A9B9C1A5999E}"
EndProject
Project("{FAE04EC0-301F-11D3-BF4B-00C04F79EFBC}") = "FFCG.SSIS.PackageRunner.Tests", "FFCG.SSIS.PackageRunner.Tests\FFCG.SSIS.PackageRunner.Tests.csproj", "{9E43773B-AD4E-4BCD-8841-89AE9AD2BB56}"
EndProject
Project("{2150E333-8FDC-42A3-9474-1A3956D46DE8}") = "10.Core", "10.Core", "{5F383AE8-B7E6-4399-BDBD-5E08C883815F}"
EndProject
Project("{2150E333-8FDC-42A3-9474-1A3956D46DE8}") = "10.Data", "10.Data", "{0D8FE63B-B119-41AF-AFB3-EABE20D9DBB2}"
EndProject
Project("{2150E333-8FDC-42A3-9474-1A3956D46DE8}") = "20.Logic", "20.Logic", "{A0CCA115-AF3C-4AF1-8B78-533AB43F4EC6}"
EndProject
Project("{2150E333-8FDC-42A3-9474-1A3956D46DE8}") = "30.Presentation", "30.Presentation", "{DC703446-58B5-4E0A-AE93-EA8196910F73}"
EndProject
Project("{2150E333-8FDC-42A3-9474-1A3956D46DE8}") = "90.Tests", "90.Tests", "{6CF06C81-154A-457E-94BA-C5DBE53B77D4}"
EndProject
Project("{FAE04EC0-301F-11D3-BF4B-00C04F79EFBC}") = "FFCG.SSIS.Core.Data", "FFCG.SSIS.Core.Data\FFCG.SSIS.Core.Data.csproj", "{468A76DE-86F1-46F2-9CC4-0F5B70AF338D}"
EndProject
Project("{FAE04EC0-301F-11D3-BF4B-00C04F79EFBC}") = "FFCG.SSIS.Core.Tests", "FFCG.SSIS.Core.Tests\FFCG.SSIS.Core.Tests.csproj", "{1DCE946B-0F53-4AEC-8BAF-25A0948D5851}"
EndProject
Global
	GlobalSection(SolutionConfigurationPlatforms) = preSolution
		Debug|Any CPU = Debug|Any CPU
		Release|Any CPU = Release|Any CPU
	EndGlobalSection
	GlobalSection(ProjectConfigurationPlatforms) = postSolution
		{6F2ABC63-FDAE-4848-9BDE-15B25264D1ED}.Debug|Any CPU.ActiveCfg = Debug|Any CPU
		{6F2ABC63-FDAE-4848-9BDE-15B25264D1ED}.Debug|Any CPU.Build.0 = Debug|Any CPU
		{6F2ABC63-FDAE-4848-9BDE-15B25264D1ED}.Release|Any CPU.ActiveCfg = Release|Any CPU
		{6F2ABC63-FDAE-4848-9BDE-15B25264D1ED}.Release|Any CPU.Build.0 = Release|Any CPU
		{2A2359A1-8379-4D29-8355-A9B9C1A5999E}.Debug|Any CPU.ActiveCfg = Debug|Any CPU
		{2A2359A1-8379-4D29-8355-A9B9C1A5999E}.Debug|Any CPU.Build.0 = Debug|Any CPU
		{2A2359A1-8379-4D29-8355-A9B9C1A5999E}.Release|Any CPU.ActiveCfg = Release|Any CPU
		{2A2359A1-8379-4D29-8355-A9B9C1A5999E}.Release|Any CPU.Build.0 = Release|Any CPU
		{9E43773B-AD4E-4BCD-8841-89AE9AD2BB56}.Debug|Any CPU.ActiveCfg = Debug|Any CPU
		{9E43773B-AD4E-4BCD-8841-89AE9AD2BB56}.Debug|Any CPU.Build.0 = Debug|Any CPU
		{9E43773B-AD4E-4BCD-8841-89AE9AD2BB56}.Release|Any CPU.ActiveCfg = Release|Any CPU
		{9E43773B-AD4E-4BCD-8841-89AE9AD2BB56}.Release|Any CPU.Build.0 = Release|Any CPU
		{468A76DE-86F1-46F2-9CC4-0F5B70AF338D}.Debug|Any CPU.ActiveCfg = Debug|Any CPU
		{468A76DE-86F1-46F2-9CC4-0F5B70AF338D}.Debug|Any CPU.Build.0 = Debug|Any CPU
		{468A76DE-86F1-46F2-9CC4-0F5B70AF338D}.Release|Any CPU.ActiveCfg = Release|Any CPU
		{468A76DE-86F1-46F2-9CC4-0F5B70AF338D}.Release|Any CPU.Build.0 = Release|Any CPU
		{1DCE946B-0F53-4AEC-8BAF-25A0948D5851}.Debug|Any CPU.ActiveCfg = Debug|Any CPU
		{1DCE946B-0F53-4AEC-8BAF-25A0948D5851}.Debug|Any CPU.Build.0 = Debug|Any CPU
		{1DCE946B-0F53-4AEC-8BAF-25A0948D5851}.Release|Any CPU.ActiveCfg = Release|Any CPU
		{1DCE946B-0F53-4AEC-8BAF-25A0948D5851}.Release|Any CPU.Build.0 = Release|Any CPU
	EndGlobalSection
	GlobalSection(SolutionProperties) = preSolution
		HideSolutionNode = FALSE
	EndGlobalSection
	GlobalSection(NestedProjects) = preSolution
		{C53F5493-EDA1-4F6A-A9D6-345FCDC1CF03} = {2EAC1AD8-CD03-4BA2-B473-D5AF8C8EAABA}
		{6F2ABC63-FDAE-4848-9BDE-15B25264D1ED} = {C53F5493-EDA1-4F6A-A9D6-345FCDC1CF03}
		{BE165168-BB4C-4B7E-9E06-6D407756B726} = {2EAC1AD8-CD03-4BA2-B473-D5AF8C8EAABA}
		{9594EA0F-7802-4832-9378-FA514A4C1087} = {2EAC1AD8-CD03-4BA2-B473-D5AF8C8EAABA}
		{25E3E81E-EC49-422B-B00A-C3FF033046E3} = {2EAC1AD8-CD03-4BA2-B473-D5AF8C8EAABA}
		{2A2359A1-8379-4D29-8355-A9B9C1A5999E} = {C53F5493-EDA1-4F6A-A9D6-345FCDC1CF03}
		{9E43773B-AD4E-4BCD-8841-89AE9AD2BB56} = {25E3E81E-EC49-422B-B00A-C3FF033046E3}
		{0D8FE63B-B119-41AF-AFB3-EABE20D9DBB2} = {5F383AE8-B7E6-4399-BDBD-5E08C883815F}
		{A0CCA115-AF3C-4AF1-8B78-533AB43F4EC6} = {5F383AE8-B7E6-4399-BDBD-5E08C883815F}
		{DC703446-58B5-4E0A-AE93-EA8196910F73} = {5F383AE8-B7E6-4399-BDBD-5E08C883815F}
		{6CF06C81-154A-457E-94BA-C5DBE53B77D4} = {5F383AE8-B7E6-4399-BDBD-5E08C883815F}
		{468A76DE-86F1-46F2-9CC4-0F5B70AF338D} = {0D8FE63B-B119-41AF-AFB3-EABE20D9DBB2}
		{1DCE946B-0F53-4AEC-8BAF-25A0948D5851} = {6CF06C81-154A-457E-94BA-C5DBE53B77D4}
	EndGlobalSection
EndGlobal
