
Microsoft Visual Studio Solution File, Format Version 12.00
# Visual Studio 14
VisualStudioVersion = 14.0.25420.1
MinimumVisualStudioVersion = 10.0.40219.1
Project("{2150E333-8FDC-42A3-9474-1A3956D46DE8}") = "10.Core", "10.Core", "{5F383AE8-B7E6-4399-BDBD-5E08C883815F}"
EndProject
Project("{2150E333-8FDC-42A3-9474-1A3956D46DE8}") = "10.Data", "10.Data", "{0D8FE63B-B119-41AF-AFB3-EABE20D9DBB2}"
EndProject
Project("{2150E333-8FDC-42A3-9474-1A3956D46DE8}") = "20.Logic", "20.Logic", "{A0CCA115-AF3C-4AF1-8B78-533AB43F4EC6}"
EndProject
Project("{2150E333-8FDC-42A3-9474-1A3956D46DE8}") = "30.Presentation", "30.Presentation", "{DC703446-58B5-4E0A-AE93-EA8196910F73}"
EndProject
Project("{2150E333-8FDC-42A3-9474-1A3956D46DE8}") = "90.Tests", "90.Tests", "{6CF06C81-154A-457E-94BA-C5DBE53B77D4}"
EndProject
Project("{FAE04EC0-301F-11D3-BF4B-00C04F79EFBC}") = "FFCG.SSIS.Core.Data", "FFCG.SSIS.Core.Data\FFCG.SSIS.Core.Data.csproj", "{468A76DE-86F1-46F2-9CC4-0F5B70AF338D}"
EndProject
Project("{FAE04EC0-301F-11D3-BF4B-00C04F79EFBC}") = "FFCG.SSIS.Core.Tests", "FFCG.SSIS.Core.Tests\FFCG.SSIS.Core.Tests.csproj", "{1DCE946B-0F53-4AEC-8BAF-25A0948D5851}"
EndProject
Project("{FAE04EC0-301F-11D3-BF4B-00C04F79EFBC}") = "FFCG.SSIS.Core.Contract", "FFCG.SSIS.Core.Contract\FFCG.SSIS.Core.Contract.csproj", "{3C13383C-24C5-450A-BDFE-DD06B96D52A9}"
EndProject
Project("{FAE04EC0-301F-11D3-BF4B-00C04F79EFBC}") = "FFCG.SSIS.Core.Logic", "FFCG.SSIS.Core.Logic\FFCG.SSIS.Core.Logic.csproj", "{4F0E45BD-B2DC-4D7B-9388-FDEA7FB349EC}"
EndProject
Project("{2150E333-8FDC-42A3-9474-1A3956D46DE8}") = "20.Service", "20.Service", "{B60D202F-C1A0-4221-8F3D-249B731ED8C1}"
EndProject
Project("{2150E333-8FDC-42A3-9474-1A3956D46DE8}") = "10.Data", "10.Data", "{ACAC1E8F-8F32-4D88-B01A-2906AE0C265F}"
EndProject
Project("{2150E333-8FDC-42A3-9474-1A3956D46DE8}") = "20.Logic", "20.Logic", "{ECD7F2FB-697C-43CC-AD68-42FE2DB45393}"
EndProject
Project("{2150E333-8FDC-42A3-9474-1A3956D46DE8}") = "30.Presentation", "30.Presentation", "{D8B68807-143E-4908-A867-C0630E26CC90}"
EndProject
Project("{2150E333-8FDC-42A3-9474-1A3956D46DE8}") = "90.Tests", "90.Tests", "{76A0DA9A-7A19-4B8F-9FF5-105E3E98162C}"
EndProject
Project("{FAE04EC0-301F-11D3-BF4B-00C04F79EFBC}") = "FFCG.SSIS.Service.Contract", "FFCG.SSIS.Service.Contract\FFCG.SSIS.Service.Contract.csproj", "{23E532BA-ACDA-49E4-A414-7D6F94C78403}"
EndProject
Project("{FAE04EC0-301F-11D3-BF4B-00C04F79EFBC}") = "FFCG.SSIS.Service.Logic", "FFCG.SSIS.Service.Logic\FFCG.SSIS.Service.Logic.csproj", "{95604E99-E69F-4D7F-8DD2-5754E081EC1F}"
EndProject
Project("{FAE04EC0-301F-11D3-BF4B-00C04F79EFBC}") = "FFCG.SSIS.Service.Tests", "FFCG.SSIS.Service.Tests\FFCG.SSIS.Service.Tests.csproj", "{ABDB64BF-23DA-430A-AA43-E5404B233E9A}"
EndProject
Project("{FAE04EC0-301F-11D3-BF4B-00C04F79EFBC}") = "FFCG.SSIS.Service.Web", "FFCG.SSIS.Service.Web\FFCG.SSIS.Service.Web.csproj", "{CFB2615A-C212-4C83-9BDD-FA20D8364B69}"
EndProject
Project("{2150E333-8FDC-42A3-9474-1A3956D46DE8}") = "00.Tools", "00.Tools", "{DCE5FF65-55F7-4B0B-BE04-10F2E8D9B68C}"
EndProject
Project("{2150E333-8FDC-42A3-9474-1A3956D46DE8}") = "10.Data", "10.Data", "{CA5F6698-B952-4072-9E7F-F408A370B278}"
EndProject
Project("{2150E333-8FDC-42A3-9474-1A3956D46DE8}") = "20.Logic", "20.Logic", "{E57158C7-A258-4237-8023-506A48813E3C}"
EndProject
Project("{2150E333-8FDC-42A3-9474-1A3956D46DE8}") = "30.Presentation", "30.Presentation", "{1F1D600C-AE1C-45B8-BA2E-6D483707BDCC}"
EndProject
Project("{2150E333-8FDC-42A3-9474-1A3956D46DE8}") = "90.Tests", "90.Tests", "{26010D94-5E97-4482-987C-B37B92A32DAD}"
EndProject
Project("{FAE04EC0-301F-11D3-BF4B-00C04F79EFBC}") = "FFCG.SSIS.Tools.Logic", "FFCG.SSIS.Tools.Logic\FFCG.SSIS.Tools.Logic.csproj", "{150CEE90-D770-4B8C-B869-1E25D3BA1BAF}"
EndProject
Project("{FAE04EC0-301F-11D3-BF4B-00C04F79EFBC}") = "FFCG.SSIS.Tools.Tests", "FFCG.SSIS.Tools.Tests\FFCG.SSIS.Tools.Tests.csproj", "{61D57820-D7F3-46FD-942D-0CD28F3DBDE7}"
EndProject
Project("{FAE04EC0-301F-11D3-BF4B-00C04F79EFBC}") = "TinyIoC", "TinyIoC\TinyIoC.csproj", "{187F869B-22B8-4563-8115-A336C5892CCB}"
EndProject
Project("{FAE04EC0-301F-11D3-BF4B-00C04F79EFBC}") = "FFCG.SSIS.Service.Client", "FFCG.SSIS.Service.Client\FFCG.SSIS.Service.Client.csproj", "{CFA9BEF8-9973-4100-B031-74F2A19F1202}"
EndProject
Global
	GlobalSection(SolutionConfigurationPlatforms) = preSolution
		Debug|Any CPU = Debug|Any CPU
		Release|Any CPU = Release|Any CPU
	EndGlobalSection
	GlobalSection(ProjectConfigurationPlatforms) = postSolution
		{468A76DE-86F1-46F2-9CC4-0F5B70AF338D}.Debug|Any CPU.ActiveCfg = Debug|Any CPU
		{468A76DE-86F1-46F2-9CC4-0F5B70AF338D}.Debug|Any CPU.Build.0 = Debug|Any CPU
		{468A76DE-86F1-46F2-9CC4-0F5B70AF338D}.Release|Any CPU.ActiveCfg = Release|Any CPU
		{468A76DE-86F1-46F2-9CC4-0F5B70AF338D}.Release|Any CPU.Build.0 = Release|Any CPU
		{1DCE946B-0F53-4AEC-8BAF-25A0948D5851}.Debug|Any CPU.ActiveCfg = Debug|Any CPU
		{1DCE946B-0F53-4AEC-8BAF-25A0948D5851}.Debug|Any CPU.Build.0 = Debug|Any CPU
		{1DCE946B-0F53-4AEC-8BAF-25A0948D5851}.Release|Any CPU.ActiveCfg = Release|Any CPU
		{1DCE946B-0F53-4AEC-8BAF-25A0948D5851}.Release|Any CPU.Build.0 = Release|Any CPU
		{3C13383C-24C5-450A-BDFE-DD06B96D52A9}.Debug|Any CPU.ActiveCfg = Debug|Any CPU
		{3C13383C-24C5-450A-BDFE-DD06B96D52A9}.Debug|Any CPU.Build.0 = Debug|Any CPU
		{3C13383C-24C5-450A-BDFE-DD06B96D52A9}.Release|Any CPU.ActiveCfg = Release|Any CPU
		{3C13383C-24C5-450A-BDFE-DD06B96D52A9}.Release|Any CPU.Build.0 = Release|Any CPU
		{4F0E45BD-B2DC-4D7B-9388-FDEA7FB349EC}.Debug|Any CPU.ActiveCfg = Debug|Any CPU
		{4F0E45BD-B2DC-4D7B-9388-FDEA7FB349EC}.Debug|Any CPU.Build.0 = Debug|Any CPU
		{4F0E45BD-B2DC-4D7B-9388-FDEA7FB349EC}.Release|Any CPU.ActiveCfg = Release|Any CPU
		{4F0E45BD-B2DC-4D7B-9388-FDEA7FB349EC}.Release|Any CPU.Build.0 = Release|Any CPU
		{23E532BA-ACDA-49E4-A414-7D6F94C78403}.Debug|Any CPU.ActiveCfg = Debug|Any CPU
		{23E532BA-ACDA-49E4-A414-7D6F94C78403}.Debug|Any CPU.Build.0 = Debug|Any CPU
		{23E532BA-ACDA-49E4-A414-7D6F94C78403}.Release|Any CPU.ActiveCfg = Release|Any CPU
		{23E532BA-ACDA-49E4-A414-7D6F94C78403}.Release|Any CPU.Build.0 = Release|Any CPU
		{95604E99-E69F-4D7F-8DD2-5754E081EC1F}.Debug|Any CPU.ActiveCfg = Debug|Any CPU
		{95604E99-E69F-4D7F-8DD2-5754E081EC1F}.Debug|Any CPU.Build.0 = Debug|Any CPU
		{95604E99-E69F-4D7F-8DD2-5754E081EC1F}.Release|Any CPU.ActiveCfg = Release|Any CPU
		{95604E99-E69F-4D7F-8DD2-5754E081EC1F}.Release|Any CPU.Build.0 = Release|Any CPU
		{ABDB64BF-23DA-430A-AA43-E5404B233E9A}.Debug|Any CPU.ActiveCfg = Debug|Any CPU
		{ABDB64BF-23DA-430A-AA43-E5404B233E9A}.Debug|Any CPU.Build.0 = Debug|Any CPU
		{ABDB64BF-23DA-430A-AA43-E5404B233E9A}.Release|Any CPU.ActiveCfg = Release|Any CPU
		{ABDB64BF-23DA-430A-AA43-E5404B233E9A}.Release|Any CPU.Build.0 = Release|Any CPU
		{CFB2615A-C212-4C83-9BDD-FA20D8364B69}.Debug|Any CPU.ActiveCfg = Debug|Any CPU
		{CFB2615A-C212-4C83-9BDD-FA20D8364B69}.Debug|Any CPU.Build.0 = Debug|Any CPU
		{CFB2615A-C212-4C83-9BDD-FA20D8364B69}.Release|Any CPU.ActiveCfg = Release|Any CPU
		{CFB2615A-C212-4C83-9BDD-FA20D8364B69}.Release|Any CPU.Build.0 = Release|Any CPU
		{150CEE90-D770-4B8C-B869-1E25D3BA1BAF}.Debug|Any CPU.ActiveCfg = Debug|Any CPU
		{150CEE90-D770-4B8C-B869-1E25D3BA1BAF}.Debug|Any CPU.Build.0 = Debug|Any CPU
		{150CEE90-D770-4B8C-B869-1E25D3BA1BAF}.Release|Any CPU.ActiveCfg = Release|Any CPU
		{150CEE90-D770-4B8C-B869-1E25D3BA1BAF}.Release|Any CPU.Build.0 = Release|Any CPU
		{61D57820-D7F3-46FD-942D-0CD28F3DBDE7}.Debug|Any CPU.ActiveCfg = Debug|Any CPU
		{61D57820-D7F3-46FD-942D-0CD28F3DBDE7}.Debug|Any CPU.Build.0 = Debug|Any CPU
		{61D57820-D7F3-46FD-942D-0CD28F3DBDE7}.Release|Any CPU.ActiveCfg = Release|Any CPU
		{61D57820-D7F3-46FD-942D-0CD28F3DBDE7}.Release|Any CPU.Build.0 = Release|Any CPU
		{187F869B-22B8-4563-8115-A336C5892CCB}.Debug|Any CPU.ActiveCfg = Debug|Any CPU
		{187F869B-22B8-4563-8115-A336C5892CCB}.Debug|Any CPU.Build.0 = Debug|Any CPU
		{187F869B-22B8-4563-8115-A336C5892CCB}.Release|Any CPU.ActiveCfg = Release|Any CPU
		{187F869B-22B8-4563-8115-A336C5892CCB}.Release|Any CPU.Build.0 = Release|Any CPU
		{CFA9BEF8-9973-4100-B031-74F2A19F1202}.Debug|Any CPU.ActiveCfg = Debug|Any CPU
		{CFA9BEF8-9973-4100-B031-74F2A19F1202}.Debug|Any CPU.Build.0 = Debug|Any CPU
		{CFA9BEF8-9973-4100-B031-74F2A19F1202}.Release|Any CPU.ActiveCfg = Release|Any CPU
		{CFA9BEF8-9973-4100-B031-74F2A19F1202}.Release|Any CPU.Build.0 = Release|Any CPU
	EndGlobalSection
	GlobalSection(SolutionProperties) = preSolution
		HideSolutionNode = FALSE
	EndGlobalSection
	GlobalSection(NestedProjects) = preSolution
		{0D8FE63B-B119-41AF-AFB3-EABE20D9DBB2} = {5F383AE8-B7E6-4399-BDBD-5E08C883815F}
		{A0CCA115-AF3C-4AF1-8B78-533AB43F4EC6} = {5F383AE8-B7E6-4399-BDBD-5E08C883815F}
		{DC703446-58B5-4E0A-AE93-EA8196910F73} = {5F383AE8-B7E6-4399-BDBD-5E08C883815F}
		{6CF06C81-154A-457E-94BA-C5DBE53B77D4} = {5F383AE8-B7E6-4399-BDBD-5E08C883815F}
		{468A76DE-86F1-46F2-9CC4-0F5B70AF338D} = {0D8FE63B-B119-41AF-AFB3-EABE20D9DBB2}
		{1DCE946B-0F53-4AEC-8BAF-25A0948D5851} = {6CF06C81-154A-457E-94BA-C5DBE53B77D4}
		{3C13383C-24C5-450A-BDFE-DD06B96D52A9} = {0D8FE63B-B119-41AF-AFB3-EABE20D9DBB2}
		{4F0E45BD-B2DC-4D7B-9388-FDEA7FB349EC} = {A0CCA115-AF3C-4AF1-8B78-533AB43F4EC6}
		{ACAC1E8F-8F32-4D88-B01A-2906AE0C265F} = {B60D202F-C1A0-4221-8F3D-249B731ED8C1}
		{ECD7F2FB-697C-43CC-AD68-42FE2DB45393} = {B60D202F-C1A0-4221-8F3D-249B731ED8C1}
		{D8B68807-143E-4908-A867-C0630E26CC90} = {B60D202F-C1A0-4221-8F3D-249B731ED8C1}
		{76A0DA9A-7A19-4B8F-9FF5-105E3E98162C} = {B60D202F-C1A0-4221-8F3D-249B731ED8C1}
		{23E532BA-ACDA-49E4-A414-7D6F94C78403} = {ACAC1E8F-8F32-4D88-B01A-2906AE0C265F}
		{95604E99-E69F-4D7F-8DD2-5754E081EC1F} = {ECD7F2FB-697C-43CC-AD68-42FE2DB45393}
		{ABDB64BF-23DA-430A-AA43-E5404B233E9A} = {76A0DA9A-7A19-4B8F-9FF5-105E3E98162C}
		{CFB2615A-C212-4C83-9BDD-FA20D8364B69} = {D8B68807-143E-4908-A867-C0630E26CC90}
		{CA5F6698-B952-4072-9E7F-F408A370B278} = {DCE5FF65-55F7-4B0B-BE04-10F2E8D9B68C}
		{E57158C7-A258-4237-8023-506A48813E3C} = {DCE5FF65-55F7-4B0B-BE04-10F2E8D9B68C}
		{1F1D600C-AE1C-45B8-BA2E-6D483707BDCC} = {DCE5FF65-55F7-4B0B-BE04-10F2E8D9B68C}
		{26010D94-5E97-4482-987C-B37B92A32DAD} = {DCE5FF65-55F7-4B0B-BE04-10F2E8D9B68C}
		{150CEE90-D770-4B8C-B869-1E25D3BA1BAF} = {E57158C7-A258-4237-8023-506A48813E3C}
		{61D57820-D7F3-46FD-942D-0CD28F3DBDE7} = {26010D94-5E97-4482-987C-B37B92A32DAD}
		{187F869B-22B8-4563-8115-A336C5892CCB} = {E57158C7-A258-4237-8023-506A48813E3C}
		{CFA9BEF8-9973-4100-B031-74F2A19F1202} = {ECD7F2FB-697C-43CC-AD68-42FE2DB45393}
	EndGlobalSection
EndGlobal
